
Microsoft Visual Studio Solution File, Format Version 12.00
# Visual Studio Version 16
VisualStudioVersion = 25.0.1705.2
MinimumVisualStudioVersion = 10.0.40219.1
Project("{FAE04EC0-301F-11D3-BF4B-00C04F79EFBC}") = "eTickets", "eTickets\eTickets.csproj", "{D4884D1F-2C90-4FE5-A445-2418DCD31047}"
EndProject
Global
	GlobalSection(SolutionConfigurationPlatforms) = preSolution
		Debug|Any CPU = Debug|Any CPU
		Release|Any CPU = Release|Any CPU
	EndGlobalSection
	GlobalSection(ProjectConfigurationPlatforms) = postSolution
		{D4884D1F-2C90-4FE5-A445-2418DCD31047}.Debug|Any CPU.ActiveCfg = Debug|Any CPU
		{D4884D1F-2C90-4FE5-A445-2418DCD31047}.Debug|Any CPU.Build.0 = Debug|Any CPU
		{D4884D1F-2C90-4FE5-A445-2418DCD31047}.Release|Any CPU.ActiveCfg = Release|Any CPU
		{D4884D1F-2C90-4FE5-A445-2418DCD31047}.Release|Any CPU.Build.0 = Release|Any CPU
	EndGlobalSection
	GlobalSection(SolutionProperties) = preSolution
		HideSolutionNode = FALSE
	EndGlobalSection
	GlobalSection(ExtensibilityGlobals) = postSolution
		SolutionGuid = {476292F7-3699-4155-8D0B-7BE8C4874E1B}
	EndGlobalSection
EndGlobal
